
Microsoft Visual Studio Solution File, Format Version 12.00
# Visual Studio Version 17
VisualStudioVersion = 17.4.33213.308
MinimumVisualStudioVersion = 10.0.40219.1
Project("{FAE04EC0-301F-11D3-BF4B-00C04F79EFBC}") = "TestWebLab2", "TestWebLab2\TestWebLab2.csproj", "{5F9B921A-7DED-4BCB-86D2-FBBA618D3C98}"
EndProject
Project("{FAE04EC0-301F-11D3-BF4B-00C04F79EFBC}") = "PageObject", "LoginPage\PageObject.csproj", "{9E732571-EAB0-4729-961A-6DA52A9524CD}"
EndProject
Global
	GlobalSection(SolutionConfigurationPlatforms) = preSolution
		Debug|Any CPU = Debug|Any CPU
		Release|Any CPU = Release|Any CPU
	EndGlobalSection
	GlobalSection(ProjectConfigurationPlatforms) = postSolution
		{5F9B921A-7DED-4BCB-86D2-FBBA618D3C98}.Debug|Any CPU.ActiveCfg = Debug|Any CPU
		{5F9B921A-7DED-4BCB-86D2-FBBA618D3C98}.Debug|Any CPU.Build.0 = Debug|Any CPU
		{5F9B921A-7DED-4BCB-86D2-FBBA618D3C98}.Release|Any CPU.ActiveCfg = Release|Any CPU
		{5F9B921A-7DED-4BCB-86D2-FBBA618D3C98}.Release|Any CPU.Build.0 = Release|Any CPU
		{9E732571-EAB0-4729-961A-6DA52A9524CD}.Debug|Any CPU.ActiveCfg = Debug|Any CPU
		{9E732571-EAB0-4729-961A-6DA52A9524CD}.Debug|Any CPU.Build.0 = Debug|Any CPU
		{9E732571-EAB0-4729-961A-6DA52A9524CD}.Release|Any CPU.ActiveCfg = Release|Any CPU
		{9E732571-EAB0-4729-961A-6DA52A9524CD}.Release|Any CPU.Build.0 = Release|Any CPU
	EndGlobalSection
	GlobalSection(SolutionProperties) = preSolution
		HideSolutionNode = FALSE
	EndGlobalSection
	GlobalSection(ExtensibilityGlobals) = postSolution
		SolutionGuid = {8F657E00-372C-49D0-9992-B5C7FD2872B1}
	EndGlobalSection
EndGlobal
